// !$*UTF8*$!
{
	archiveVersion = 1;
	classes = {
	};
	objectVersion = 46;
	objects = {

/* Begin PBXBuildFile section */
		DDC4B7081E0D28C30094E686 /* 0helloworld.cpp in Sources */ = {isa = PBXBuildFile; fileRef = DDC4B7061E0D28C30094E686 /* 0helloworld.cpp */; };
		DDC4B70A1E0D29AB0094E686 /* 1Type.cpp in Sources */ = {isa = PBXBuildFile; fileRef = DDC4B7091E0D29AB0094E686 /* 1Type.cpp */; };
		DDC4B70C1E0D86E50094E686 /* 2Declare.cpp in Sources */ = {isa = PBXBuildFile; fileRef = DDC4B70B1E0D86E50094E686 /* 2Declare.cpp */; };
		DDC4B70E1E0D87FE0094E686 /* 3Scope.cpp in Sources */ = {isa = PBXBuildFile; fileRef = DDC4B70D1E0D87FE0094E686 /* 3Scope.cpp */; };
		DDC4B7131E0D890E0094E686 /* 4Constant.cpp in Sources */ = {isa = PBXBuildFile; fileRef = DDC4B7111E0D890E0094E686 /* 4Constant.cpp */; };
		DDC4B7151E0D8B4B0094E686 /* 5Modifier.cpp in Sources */ = {isa = PBXBuildFile; fileRef = DDC4B7141E0D8B4B0094E686 /* 5Modifier.cpp */; };
		DDC4B7171E0E0F5E0094E686 /* 6StoreClass.cpp in Sources */ = {isa = PBXBuildFile; fileRef = DDC4B7161E0E0F5E0094E686 /* 6StoreClass.cpp */; };
		DDC4B7191E0E3CF80094E686 /* 6Constants.cpp in Sources */ = {isa = PBXBuildFile; fileRef = DDC4B7181E0E3CF80094E686 /* 6Constants.cpp */; };
		DDC4B71C1E0E3E8E0094E686 /* 7Function.cpp in Sources */ = {isa = PBXBuildFile; fileRef = DDC4B71A1E0E3E8E0094E686 /* 7Function.cpp */; };
		DDC4B71E1E0E3F5E0094E686 /* 8Number.cpp in Sources */ = {isa = PBXBuildFile; fileRef = DDC4B71D1E0E3F5E0094E686 /* 8Number.cpp */; };
		DDC4B7201E0E4A5E0094E686 /* 9Pointer.cpp in Sources */ = {isa = PBXBuildFile; fileRef = DDC4B71F1E0E4A5E0094E686 /* 9Pointer.cpp */; };
		DDC4B7221E0E4E770094E686 /* 10Reference.cpp in Sources */ = {isa = PBXBuildFile; fileRef = DDC4B7211E0E4E770094E686 /* 10Reference.cpp */; };
		DDC4B7241E0E514A0094E686 /* 11Struct.cpp in Sources */ = {isa = PBXBuildFile; fileRef = DDC4B7231E0E514A0094E686 /* 11Struct.cpp */; };
		DDC4B7261E0E53230094E686 /* 12CinOut.cpp in Sources */ = {isa = PBXBuildFile; fileRef = DDC4B7251E0E53230094E686 /* 12CinOut.cpp */; };
/* End PBXBuildFile section */

/* Begin PBXCopyFilesBuildPhase section */
		DDC4B6FA1E0D12B50094E686 /* CopyFiles */ = {
			isa = PBXCopyFilesBuildPhase;
			buildActionMask = 2147483647;
			dstPath = /usr/share/man/man1/;
			dstSubfolderSpec = 0;
			files = (
			);
			runOnlyForDeploymentPostprocessing = 1;
		};
/* End PBXCopyFilesBuildPhase section */

/* Begin PBXFileReference section */
		DDC4B6FC1E0D12B50094E686 /* algoritm */ = {isa = PBXFileReference; explicitFileType = "compiled.mach-o.executable"; includeInIndex = 0; path = algoritm; sourceTree = BUILT_PRODUCTS_DIR; };
		DDC4B7061E0D28C30094E686 /* 0helloworld.cpp */ = {isa = PBXFileReference; fileEncoding = 4; lastKnownFileType = sourcecode.cpp.cpp; path = 0helloworld.cpp; sourceTree = "<group>"; };
		DDC4B7071E0D28C30094E686 /* 0helloworld.hpp */ = {isa = PBXFileReference; fileEncoding = 4; lastKnownFileType = sourcecode.cpp.h; path = 0helloworld.hpp; sourceTree = "<group>"; };
		DDC4B7091E0D29AB0094E686 /* 1Type.cpp */ = {isa = PBXFileReference; fileEncoding = 4; lastKnownFileType = sourcecode.cpp.cpp; path = 1Type.cpp; sourceTree = "<group>"; };
		DDC4B70B1E0D86E50094E686 /* 2Declare.cpp */ = {isa = PBXFileReference; fileEncoding = 4; lastKnownFileType = sourcecode.cpp.cpp; path = 2Declare.cpp; sourceTree = "<group>"; };
		DDC4B70D1E0D87FE0094E686 /* 3Scope.cpp */ = {isa = PBXFileReference; fileEncoding = 4; lastKnownFileType = sourcecode.cpp.cpp; path = 3Scope.cpp; sourceTree = "<group>"; };
		DDC4B7111E0D890E0094E686 /* 4Constant.cpp */ = {isa = PBXFileReference; fileEncoding = 4; lastKnownFileType = sourcecode.cpp.cpp; path = 4Constant.cpp; sourceTree = "<group>"; };
		DDC4B7141E0D8B4B0094E686 /* 5Modifier.cpp */ = {isa = PBXFileReference; fileEncoding = 4; lastKnownFileType = sourcecode.cpp.cpp; path = 5Modifier.cpp; sourceTree = "<group>"; };
		DDC4B7161E0E0F5E0094E686 /* 6StoreClass.cpp */ = {isa = PBXFileReference; fileEncoding = 4; lastKnownFileType = sourcecode.cpp.cpp; path = 6StoreClass.cpp; sourceTree = "<group>"; };
		DDC4B7181E0E3CF80094E686 /* 6Constants.cpp */ = {isa = PBXFileReference; fileEncoding = 4; lastKnownFileType = sourcecode.cpp.cpp; path = 6Constants.cpp; sourceTree = "<group>"; };
		DDC4B71A1E0E3E8E0094E686 /* 7Function.cpp */ = {isa = PBXFileReference; fileEncoding = 4; lastKnownFileType = sourcecode.cpp.cpp; path = 7Function.cpp; sourceTree = "<group>"; };
		DDC4B71D1E0E3F5E0094E686 /* 8Number.cpp */ = {isa = PBXFileReference; fileEncoding = 4; lastKnownFileType = sourcecode.cpp.cpp; path = 8Number.cpp; sourceTree = "<group>"; };
		DDC4B71F1E0E4A5E0094E686 /* 9Pointer.cpp */ = {isa = PBXFileReference; fileEncoding = 4; lastKnownFileType = sourcecode.cpp.cpp; path = 9Pointer.cpp; sourceTree = "<group>"; };
		DDC4B7211E0E4E770094E686 /* 10Reference.cpp */ = {isa = PBXFileReference; fileEncoding = 4; lastKnownFileType = sourcecode.cpp.cpp; path = 10Reference.cpp; sourceTree = "<group>"; };
		DDC4B7231E0E514A0094E686 /* 11Struct.cpp */ = {isa = PBXFileReference; fileEncoding = 4; lastKnownFileType = sourcecode.cpp.cpp; path = 11Struct.cpp; sourceTree = "<group>"; };
		DDC4B7251E0E53230094E686 /* 12CinOut.cpp */ = {isa = PBXFileReference; fileEncoding = 4; lastKnownFileType = sourcecode.cpp.cpp; path = 12CinOut.cpp; sourceTree = "<group>"; };
/* End PBXFileReference section */

/* Begin PBXFrameworksBuildPhase section */
		DDC4B6F91E0D12B50094E686 /* Frameworks */ = {
			isa = PBXFrameworksBuildPhase;
			buildActionMask = 2147483647;
			files = (
			);
			runOnlyForDeploymentPostprocessing = 0;
		};
/* End PBXFrameworksBuildPhase section */

/* Begin PBXGroup section */
		DDC4B6F31E0D12B50094E686 = {
			isa = PBXGroup;
			children = (
				DDC4B6FE1E0D12B50094E686 /* algoritm */,
				DDC4B6FD1E0D12B50094E686 /* Products */,
			);
			sourceTree = "<group>";
		};
		DDC4B6FD1E0D12B50094E686 /* Products */ = {
			isa = PBXGroup;
			children = (
				DDC4B6FC1E0D12B50094E686 /* algoritm */,
			);
			name = Products;
			sourceTree = "<group>";
		};
		DDC4B6FE1E0D12B50094E686 /* algoritm */ = {
			isa = PBXGroup;
			children = (
				DDC4B7061E0D28C30094E686 /* 0helloworld.cpp */,
				DDC4B7091E0D29AB0094E686 /* 1Type.cpp */,
				DDC4B7071E0D28C30094E686 /* 0helloworld.hpp */,
				DDC4B70B1E0D86E50094E686 /* 2Declare.cpp */,
				DDC4B70D1E0D87FE0094E686 /* 3Scope.cpp */,
				DDC4B7111E0D890E0094E686 /* 4Constant.cpp */,
				DDC4B7141E0D8B4B0094E686 /* 5Modifier.cpp */,
				DDC4B7161E0E0F5E0094E686 /* 6StoreClass.cpp */,
				DDC4B71A1E0E3E8E0094E686 /* 7Function.cpp */,
				DDC4B71D1E0E3F5E0094E686 /* 8Number.cpp */,
				DDC4B7181E0E3CF80094E686 /* 6Constants.cpp */,
				DDC4B71F1E0E4A5E0094E686 /* 9Pointer.cpp */,
				DDC4B7211E0E4E770094E686 /* 10Reference.cpp */,
				DDC4B7231E0E514A0094E686 /* 11Struct.cpp */,
				DDC4B7251E0E53230094E686 /* 12CinOut.cpp */,
			);
			path = algoritm;
			sourceTree = "<group>";
		};
/* End PBXGroup section */

/* Begin PBXNativeTarget section */
		DDC4B6FB1E0D12B50094E686 /* algoritm */ = {
			isa = PBXNativeTarget;
			buildConfigurationList = DDC4B7031E0D12B50094E686 /* Build configuration list for PBXNativeTarget "algoritm" */;
			buildPhases = (
				DDC4B6F81E0D12B50094E686 /* Sources */,
				DDC4B6F91E0D12B50094E686 /* Frameworks */,
				DDC4B6FA1E0D12B50094E686 /* CopyFiles */,
			);
			buildRules = (
			);
			dependencies = (
			);
			name = algoritm;
			productName = algoritm;
			productReference = DDC4B6FC1E0D12B50094E686 /* algoritm */;
			productType = "com.apple.product-type.tool";
		};
/* End PBXNativeTarget section */

/* Begin PBXProject section */
		DDC4B6F41E0D12B50094E686 /* Project object */ = {
			isa = PBXProject;
			attributes = {
				LastUpgradeCheck = 0820;
				ORGANIZATIONNAME = wizardholy;
				TargetAttributes = {
					DDC4B6FB1E0D12B50094E686 = {
						CreatedOnToolsVersion = 8.2.1;
						ProvisioningStyle = Automatic;
					};
				};
			};
			buildConfigurationList = DDC4B6F71E0D12B50094E686 /* Build configuration list for PBXProject "algoritm" */;
			compatibilityVersion = "Xcode 3.2";
			developmentRegion = English;
			hasScannedForEncodings = 0;
			knownRegions = (
				en,
			);
			mainGroup = DDC4B6F31E0D12B50094E686;
			productRefGroup = DDC4B6FD1E0D12B50094E686 /* Products */;
			projectDirPath = "";
			projectRoot = "";
			targets = (
				DDC4B6FB1E0D12B50094E686 /* algoritm */,
			);
		};
/* End PBXProject section */

/* Begin PBXSourcesBuildPhase section */
		DDC4B6F81E0D12B50094E686 /* Sources */ = {
			isa = PBXSourcesBuildPhase;
			buildActionMask = 2147483647;
			files = (
				DDC4B7261E0E53230094E686 /* 12CinOut.cpp in Sources */,
				DDC4B7221E0E4E770094E686 /* 10Reference.cpp in Sources */,
				DDC4B7171E0E0F5E0094E686 /* 6StoreClass.cpp in Sources */,
				DDC4B70E1E0D87FE0094E686 /* 3Scope.cpp in Sources */,
				DDC4B7191E0E3CF80094E686 /* 6Constants.cpp in Sources */,
				DDC4B7081E0D28C30094E686 /* 0helloworld.cpp in Sources */,
				DDC4B7201E0E4A5E0094E686 /* 9Pointer.cpp in Sources */,
				DDC4B7151E0D8B4B0094E686 /* 5Modifier.cpp in Sources */,
				DDC4B71C1E0E3E8E0094E686 /* 7Function.cpp in Sources */,
				DDC4B7241E0E514A0094E686 /* 11Struct.cpp in Sources */,
				DDC4B70A1E0D29AB0094E686 /* 1Type.cpp in Sources */,
				DDC4B71E1E0E3F5E0094E686 /* 8Number.cpp in Sources */,
				DDC4B7131E0D890E0094E686 /* 4Constant.cpp in Sources */,
				DDC4B70C1E0D86E50094E686 /* 2Declare.cpp in Sources */,
			);
			runOnlyForDeploymentPostprocessing = 0;
		};
/* End PBXSourcesBuildPhase section */

/* Begin XCBuildConfiguration section */
		DDC4B7011E0D12B50094E686 /* Debug */ = {
			isa = XCBuildConfiguration;
			buildSettings = {
				ALWAYS_SEARCH_USER_PATHS = NO;
				CLANG_ANALYZER_NONNULL = YES;
				CLANG_CXX_LANGUAGE_STANDARD = "gnu++0x";
				CLANG_CXX_LIBRARY = "libc++";
				CLANG_ENABLE_MODULES = YES;
				CLANG_ENABLE_OBJC_ARC = YES;
				CLANG_WARN_BOOL_CONVERSION = YES;
				CLANG_WARN_CONSTANT_CONVERSION = YES;
				CLANG_WARN_DIRECT_OBJC_ISA_USAGE = YES_ERROR;
				CLANG_WARN_DOCUMENTATION_COMMENTS = YES;
				CLANG_WARN_EMPTY_BODY = YES;
				CLANG_WARN_ENUM_CONVERSION = YES;
				CLANG_WARN_INFINITE_RECURSION = YES;
				CLANG_WARN_INT_CONVERSION = YES;
				CLANG_WARN_OBJC_ROOT_CLASS = YES_ERROR;
				CLANG_WARN_SUSPICIOUS_MOVE = YES;
				CLANG_WARN_UNREACHABLE_CODE = YES;
				CLANG_WARN__DUPLICATE_METHOD_MATCH = YES;
				CODE_SIGN_IDENTITY = "-";
				COPY_PHASE_STRIP = NO;
				DEBUG_INFORMATION_FORMAT = dwarf;
				ENABLE_STRICT_OBJC_MSGSEND = YES;
				ENABLE_TESTABILITY = YES;
				GCC_C_LANGUAGE_STANDARD = gnu99;
				GCC_DYNAMIC_NO_PIC = NO;
				GCC_NO_COMMON_BLOCKS = YES;
				GCC_OPTIMIZATION_LEVEL = 0;
				GCC_PREPROCESSOR_DEFINITIONS = (
					"DEBUG=1",
					"$(inherited)",
				);
				GCC_WARN_64_TO_32_BIT_CONVERSION = YES;
				GCC_WARN_ABOUT_RETURN_TYPE = YES_ERROR;
				GCC_WARN_UNDECLARED_SELECTOR = YES;
				GCC_WARN_UNINITIALIZED_AUTOS = YES_AGGRESSIVE;
				GCC_WARN_UNUSED_FUNCTION = YES;
				GCC_WARN_UNUSED_VARIABLE = YES;
				MACOSX_DEPLOYMENT_TARGET = 10.12;
				MTL_ENABLE_DEBUG_INFO = YES;
				ONLY_ACTIVE_ARCH = YES;
				SDKROOT = macosx;
			};
			name = Debug;
		};
		DDC4B7021E0D12B50094E686 /* Release */ = {
			isa = XCBuildConfiguration;
			buildSettings = {
				ALWAYS_SEARCH_USER_PATHS = NO;
				CLANG_ANALYZER_NONNULL = YES;
				CLANG_CXX_LANGUAGE_STANDARD = "gnu++0x";
				CLANG_CXX_LIBRARY = "libc++";
				CLANG_ENABLE_MODULES = YES;
				CLANG_ENABLE_OBJC_ARC = YES;
				CLANG_WARN_BOOL_CONVERSION = YES;
				CLANG_WARN_CONSTANT_CONVERSION = YES;
				CLANG_WARN_DIRECT_OBJC_ISA_USAGE = YES_ERROR;
				CLANG_WARN_DOCUMENTATION_COMMENTS = YES;
				CLANG_WARN_EMPTY_BODY = YES;
				CLANG_WARN_ENUM_CONVERSION = YES;
				CLANG_WARN_INFINITE_RECURSION = YES;
				CLANG_WARN_INT_CONVERSION = YES;
				CLANG_WARN_OBJC_ROOT_CLASS = YES_ERROR;
				CLANG_WARN_SUSPICIOUS_MOVE = YES;
				CLANG_WARN_UNREACHABLE_CODE = YES;
				CLANG_WARN__DUPLICATE_METHOD_MATCH = YES;
				CODE_SIGN_IDENTITY = "-";
				COPY_PHASE_STRIP = NO;
				DEBUG_INFORMATION_FORMAT = "dwarf-with-dsym";
				ENABLE_NS_ASSERTIONS = NO;
				ENABLE_STRICT_OBJC_MSGSEND = YES;
				GCC_C_LANGUAGE_STANDARD = gnu99;
				GCC_NO_COMMON_BLOCKS = YES;
				GCC_WARN_64_TO_32_BIT_CONVERSION = YES;
				GCC_WARN_ABOUT_RETURN_TYPE = YES_ERROR;
				GCC_WARN_UNDECLARED_SELECTOR = YES;
				GCC_WARN_UNINITIALIZED_AUTOS = YES_AGGRESSIVE;
				GCC_WARN_UNUSED_FUNCTION = YES;
				GCC_WARN_UNUSED_VARIABLE = YES;
				MACOSX_DEPLOYMENT_TARGET = 10.12;
				MTL_ENABLE_DEBUG_INFO = NO;
				SDKROOT = macosx;
			};
			name = Release;
		};
		DDC4B7041E0D12B50094E686 /* Debug */ = {
			isa = XCBuildConfiguration;
			buildSettings = {
				PRODUCT_NAME = "$(TARGET_NAME)";
			};
			name = Debug;
		};
		DDC4B7051E0D12B50094E686 /* Release */ = {
			isa = XCBuildConfiguration;
			buildSettings = {
				PRODUCT_NAME = "$(TARGET_NAME)";
			};
			name = Release;
		};
/* End XCBuildConfiguration section */

/* Begin XCConfigurationList section */
		DDC4B6F71E0D12B50094E686 /* Build configuration list for PBXProject "algoritm" */ = {
			isa = XCConfigurationList;
			buildConfigurations = (
				DDC4B7011E0D12B50094E686 /* Debug */,
				DDC4B7021E0D12B50094E686 /* Release */,
			);
			defaultConfigurationIsVisible = 0;
			defaultConfigurationName = Release;
		};
		DDC4B7031E0D12B50094E686 /* Build configuration list for PBXNativeTarget "algoritm" */ = {
			isa = XCConfigurationList;
			buildConfigurations = (
				DDC4B7041E0D12B50094E686 /* Debug */,
				DDC4B7051E0D12B50094E686 /* Release */,
			);
			defaultConfigurationIsVisible = 0;
			defaultConfigurationName = Release;
		};
/* End XCConfigurationList section */
	};
	rootObject = DDC4B6F41E0D12B50094E686 /* Project object */;
}
